
Microsoft Visual Studio Solution File, Format Version 12.00
# Visual Studio 15
VisualStudioVersion = 15.0.27130.2026
MinimumVisualStudioVersion = 10.0.40219.1
Project("{9A19103F-16F7-4668-BE54-9A1E7A4F7556}") = "Pipaslot.Infrastructure.Security", "Pipaslot.Infrastructure.Security\Pipaslot.Infrastructure.Security.csproj", "{DB13E6AD-761D-4459-9B06-A8FA1EBEBD25}"
EndProject
Project("{FAE04EC0-301F-11D3-BF4B-00C04F79EFBC}") = "Pipaslot.Infrastructure.Security.Tests", "Pipaslot.Infrastructure.Security.UnitTests\Pipaslot.Infrastructure.Security.Tests.csproj", "{CF4B5713-58E2-448F-A5E8-E6006F5AF577}"
EndProject
Project("{9A19103F-16F7-4668-BE54-9A1E7A4F7556}") = "Pipaslot.Infrastructure.Data", "Pipaslot.Infrastructure.Data\Pipaslot.Infrastructure.Data.csproj", "{C07E0F0B-0A21-43AB-BF5B-21D02C0B10D7}"
EndProject
Project("{9A19103F-16F7-4668-BE54-9A1E7A4F7556}") = "Pipaslot.Infrastructure.Data.EntityFrameworkCore", "Pipaslot.Infrastructure.Data.EntityFrameworkCore\Pipaslot.Infrastructure.Data.EntityFrameworkCore.csproj", "{424CB8C5-6C72-4323-9F91-EB14AB3D3007}"
EndProject
Project("{FAE04EC0-301F-11D3-BF4B-00C04F79EFBC}") = "Pipaslot.Infrastructure.Data.EntityFrameworkCore.Tests", "Pipaslot.Infrastructure.Data.EntityFrameworkCore.Tests\Pipaslot.Infrastructure.Data.EntityFrameworkCore.Tests.csproj", "{1A2BD436-72D2-4653-84C2-EDD8062C73FA}"
EndProject
Project("{FAE04EC0-301F-11D3-BF4B-00C04F79EFBC}") = "Pipaslot.Infrastructure.Data.Tests", "Pipaslot.Infrastructure.Data.Tests\Pipaslot.Infrastructure.Data.Tests.csproj", "{4D05CAE3-15D3-499F-80A4-2493A2305E47}"
EndProject
Project("{2150E333-8FDC-42A3-9474-1A3956D46DE8}") = "Data", "Data", "{659C7A9A-FE81-4FD5-B669-694B78719F15}"
EndProject
Project("{2150E333-8FDC-42A3-9474-1A3956D46DE8}") = "Security", "Security", "{9222D47E-579F-4131-987A-5E708196ADFD}"
EndProject
Project("{9A19103F-16F7-4668-BE54-9A1E7A4F7556}") = "Pipaslot.Infrastructure.Data.Mvc", "Pipaslot.Infrastructure.Data.Mvc\Pipaslot.Infrastructure.Data.Mvc.csproj", "{2640D025-8570-4277-A941-907F884B3F14}"
EndProject
Project("{9A19103F-16F7-4668-BE54-9A1E7A4F7556}") = "Pipaslot.Infrastructure.Mvc", "Pipaslot.Infrastructure.Mvc\Pipaslot.Infrastructure.Mvc.csproj", "{1BE801F6-DDB5-4A5D-B038-824BDDE4BB5C}"
EndProject
Project("{9A19103F-16F7-4668-BE54-9A1E7A4F7556}") = "Pipaslot.Infrastructure.Security.EntityFrameworkCore", "Pipaslot.Infrastructure.Security.EntityFrameworkCore\Pipaslot.Infrastructure.Security.EntityFrameworkCore.csproj", "{CED8940F-30B7-499F-B6BA-87A358F3037A}"
EndProject
Project("{9A19103F-16F7-4668-BE54-9A1E7A4F7556}") = "Pipaslot.Demo", "Pipaslot.Demo\Pipaslot.Demo.csproj", "{F54059A5-2FAE-43D9-9EC3-87C10B00E335}"
EndProject
Project("{9A19103F-16F7-4668-BE54-9A1E7A4F7556}") = "Pipaslot.SecurityUI", "Pipaslot.SecurityUI\Pipaslot.SecurityUI.csproj", "{AE7D25BE-3EC0-4D26-948D-75D0387FBD45}"
EndProject
Project("{2150E333-8FDC-42A3-9474-1A3956D46DE8}") = "Infrastructure", "Infrastructure", "{969A21D1-B6DE-40B6-A2AA-64C427BC2BD0}"
EndProject
Project("{9A19103F-16F7-4668-BE54-9A1E7A4F7556}") = "Pipaslot.Infrastructure.Security.Jwt", "Pipaslot.Infrastructure.Security.Jwt\Pipaslot.Infrastructure.Security.Jwt.csproj", "{6371320E-9931-478D-B0CD-C290F3670477}"
EndProject
Project("{2150E333-8FDC-42A3-9474-1A3956D46DE8}") = "Tests", "Tests", "{8B785901-E262-4F16-8498-D366DDB3F0D4}"
EndProject
Project("{2150E333-8FDC-42A3-9474-1A3956D46DE8}") = "Solution Items", "Solution Items", "{96538040-3148-4B8E-95B6-12D9623A37BD}"
	ProjectSection(SolutionItems) = preProject
		instructions.txt = instructions.txt
	EndProjectSection
EndProject
Project("{9A19103F-16F7-4668-BE54-9A1E7A4F7556}") = "Pipaslot.Infrastructure.EntityFrameworkCore", "Pipaslot.Infrastructure.EntityFrameworkCore\Pipaslot.Infrastructure.EntityFrameworkCore.csproj", "{285EC14A-ECDC-4AA7-A599-820188AD2193}"
EndProject
Project("{FAE04EC0-301F-11D3-BF4B-00C04F79EFBC}") = "Pipaslot.Infrastructure.EntityFrameworkCore.Tests", "Pipaslot.Infrastructure.EntityFrameworkCore.Tests\Pipaslot.Infrastructure.EntityFrameworkCore.Tests.csproj", "{7993B016-E286-4A1E-A6C6-4B1EBE6FE433}"
EndProject
Project("{9A19103F-16F7-4668-BE54-9A1E7A4F7556}") = "Pipaslot.Infrastructure.Security.Mvc", "Pipaslot.Infrastructure.Security.Mvc\Pipaslot.Infrastructure.Security.Mvc.csproj", "{A2DB15D9-1226-419C-B483-B33DF8AD0497}"
EndProject
Global
	GlobalSection(SolutionConfigurationPlatforms) = preSolution
		Debug|Any CPU = Debug|Any CPU
		Release|Any CPU = Release|Any CPU
	EndGlobalSection
	GlobalSection(ProjectConfigurationPlatforms) = postSolution
		{DB13E6AD-761D-4459-9B06-A8FA1EBEBD25}.Debug|Any CPU.ActiveCfg = Debug|Any CPU
		{DB13E6AD-761D-4459-9B06-A8FA1EBEBD25}.Debug|Any CPU.Build.0 = Debug|Any CPU
		{DB13E6AD-761D-4459-9B06-A8FA1EBEBD25}.Release|Any CPU.ActiveCfg = Release|Any CPU
		{DB13E6AD-761D-4459-9B06-A8FA1EBEBD25}.Release|Any CPU.Build.0 = Release|Any CPU
		{CF4B5713-58E2-448F-A5E8-E6006F5AF577}.Debug|Any CPU.ActiveCfg = Debug|Any CPU
		{CF4B5713-58E2-448F-A5E8-E6006F5AF577}.Debug|Any CPU.Build.0 = Debug|Any CPU
		{CF4B5713-58E2-448F-A5E8-E6006F5AF577}.Release|Any CPU.ActiveCfg = Release|Any CPU
		{CF4B5713-58E2-448F-A5E8-E6006F5AF577}.Release|Any CPU.Build.0 = Release|Any CPU
		{C07E0F0B-0A21-43AB-BF5B-21D02C0B10D7}.Debug|Any CPU.ActiveCfg = Debug|Any CPU
		{C07E0F0B-0A21-43AB-BF5B-21D02C0B10D7}.Debug|Any CPU.Build.0 = Debug|Any CPU
		{C07E0F0B-0A21-43AB-BF5B-21D02C0B10D7}.Release|Any CPU.ActiveCfg = Release|Any CPU
		{C07E0F0B-0A21-43AB-BF5B-21D02C0B10D7}.Release|Any CPU.Build.0 = Release|Any CPU
		{424CB8C5-6C72-4323-9F91-EB14AB3D3007}.Debug|Any CPU.ActiveCfg = Debug|Any CPU
		{424CB8C5-6C72-4323-9F91-EB14AB3D3007}.Debug|Any CPU.Build.0 = Debug|Any CPU
		{424CB8C5-6C72-4323-9F91-EB14AB3D3007}.Release|Any CPU.ActiveCfg = Release|Any CPU
		{424CB8C5-6C72-4323-9F91-EB14AB3D3007}.Release|Any CPU.Build.0 = Release|Any CPU
		{1A2BD436-72D2-4653-84C2-EDD8062C73FA}.Debug|Any CPU.ActiveCfg = Debug|Any CPU
		{1A2BD436-72D2-4653-84C2-EDD8062C73FA}.Debug|Any CPU.Build.0 = Debug|Any CPU
		{1A2BD436-72D2-4653-84C2-EDD8062C73FA}.Release|Any CPU.ActiveCfg = Release|Any CPU
		{1A2BD436-72D2-4653-84C2-EDD8062C73FA}.Release|Any CPU.Build.0 = Release|Any CPU
		{4D05CAE3-15D3-499F-80A4-2493A2305E47}.Debug|Any CPU.ActiveCfg = Debug|Any CPU
		{4D05CAE3-15D3-499F-80A4-2493A2305E47}.Debug|Any CPU.Build.0 = Debug|Any CPU
		{4D05CAE3-15D3-499F-80A4-2493A2305E47}.Release|Any CPU.ActiveCfg = Release|Any CPU
		{4D05CAE3-15D3-499F-80A4-2493A2305E47}.Release|Any CPU.Build.0 = Release|Any CPU
		{2640D025-8570-4277-A941-907F884B3F14}.Debug|Any CPU.ActiveCfg = Debug|Any CPU
		{2640D025-8570-4277-A941-907F884B3F14}.Debug|Any CPU.Build.0 = Debug|Any CPU
		{2640D025-8570-4277-A941-907F884B3F14}.Release|Any CPU.ActiveCfg = Release|Any CPU
		{2640D025-8570-4277-A941-907F884B3F14}.Release|Any CPU.Build.0 = Release|Any CPU
		{1BE801F6-DDB5-4A5D-B038-824BDDE4BB5C}.Debug|Any CPU.ActiveCfg = Debug|Any CPU
		{1BE801F6-DDB5-4A5D-B038-824BDDE4BB5C}.Debug|Any CPU.Build.0 = Debug|Any CPU
		{1BE801F6-DDB5-4A5D-B038-824BDDE4BB5C}.Release|Any CPU.ActiveCfg = Release|Any CPU
		{1BE801F6-DDB5-4A5D-B038-824BDDE4BB5C}.Release|Any CPU.Build.0 = Release|Any CPU
		{CED8940F-30B7-499F-B6BA-87A358F3037A}.Debug|Any CPU.ActiveCfg = Debug|Any CPU
		{CED8940F-30B7-499F-B6BA-87A358F3037A}.Debug|Any CPU.Build.0 = Debug|Any CPU
		{CED8940F-30B7-499F-B6BA-87A358F3037A}.Release|Any CPU.ActiveCfg = Release|Any CPU
		{CED8940F-30B7-499F-B6BA-87A358F3037A}.Release|Any CPU.Build.0 = Release|Any CPU
		{F54059A5-2FAE-43D9-9EC3-87C10B00E335}.Debug|Any CPU.ActiveCfg = Debug|Any CPU
		{F54059A5-2FAE-43D9-9EC3-87C10B00E335}.Debug|Any CPU.Build.0 = Debug|Any CPU
		{F54059A5-2FAE-43D9-9EC3-87C10B00E335}.Release|Any CPU.ActiveCfg = Release|Any CPU
		{F54059A5-2FAE-43D9-9EC3-87C10B00E335}.Release|Any CPU.Build.0 = Release|Any CPU
		{AE7D25BE-3EC0-4D26-948D-75D0387FBD45}.Debug|Any CPU.ActiveCfg = Debug|Any CPU
		{AE7D25BE-3EC0-4D26-948D-75D0387FBD45}.Debug|Any CPU.Build.0 = Debug|Any CPU
		{AE7D25BE-3EC0-4D26-948D-75D0387FBD45}.Release|Any CPU.ActiveCfg = Release|Any CPU
		{AE7D25BE-3EC0-4D26-948D-75D0387FBD45}.Release|Any CPU.Build.0 = Release|Any CPU
		{6371320E-9931-478D-B0CD-C290F3670477}.Debug|Any CPU.ActiveCfg = Debug|Any CPU
		{6371320E-9931-478D-B0CD-C290F3670477}.Debug|Any CPU.Build.0 = Debug|Any CPU
		{6371320E-9931-478D-B0CD-C290F3670477}.Release|Any CPU.ActiveCfg = Release|Any CPU
		{6371320E-9931-478D-B0CD-C290F3670477}.Release|Any CPU.Build.0 = Release|Any CPU
		{285EC14A-ECDC-4AA7-A599-820188AD2193}.Debug|Any CPU.ActiveCfg = Debug|Any CPU
		{285EC14A-ECDC-4AA7-A599-820188AD2193}.Debug|Any CPU.Build.0 = Debug|Any CPU
		{285EC14A-ECDC-4AA7-A599-820188AD2193}.Release|Any CPU.ActiveCfg = Release|Any CPU
		{285EC14A-ECDC-4AA7-A599-820188AD2193}.Release|Any CPU.Build.0 = Release|Any CPU
		{7993B016-E286-4A1E-A6C6-4B1EBE6FE433}.Debug|Any CPU.ActiveCfg = Debug|Any CPU
		{7993B016-E286-4A1E-A6C6-4B1EBE6FE433}.Debug|Any CPU.Build.0 = Debug|Any CPU
		{7993B016-E286-4A1E-A6C6-4B1EBE6FE433}.Release|Any CPU.ActiveCfg = Release|Any CPU
		{7993B016-E286-4A1E-A6C6-4B1EBE6FE433}.Release|Any CPU.Build.0 = Release|Any CPU
		{A2DB15D9-1226-419C-B483-B33DF8AD0497}.Debug|Any CPU.ActiveCfg = Debug|Any CPU
		{A2DB15D9-1226-419C-B483-B33DF8AD0497}.Debug|Any CPU.Build.0 = Debug|Any CPU
		{A2DB15D9-1226-419C-B483-B33DF8AD0497}.Release|Any CPU.ActiveCfg = Release|Any CPU
		{A2DB15D9-1226-419C-B483-B33DF8AD0497}.Release|Any CPU.Build.0 = Release|Any CPU
	EndGlobalSection
	GlobalSection(SolutionProperties) = preSolution
		HideSolutionNode = FALSE
	EndGlobalSection
	GlobalSection(NestedProjects) = preSolution
		{DB13E6AD-761D-4459-9B06-A8FA1EBEBD25} = {9222D47E-579F-4131-987A-5E708196ADFD}
		{CF4B5713-58E2-448F-A5E8-E6006F5AF577} = {8B785901-E262-4F16-8498-D366DDB3F0D4}
		{C07E0F0B-0A21-43AB-BF5B-21D02C0B10D7} = {659C7A9A-FE81-4FD5-B669-694B78719F15}
		{424CB8C5-6C72-4323-9F91-EB14AB3D3007} = {659C7A9A-FE81-4FD5-B669-694B78719F15}
		{1A2BD436-72D2-4653-84C2-EDD8062C73FA} = {8B785901-E262-4F16-8498-D366DDB3F0D4}
		{4D05CAE3-15D3-499F-80A4-2493A2305E47} = {8B785901-E262-4F16-8498-D366DDB3F0D4}
		{659C7A9A-FE81-4FD5-B669-694B78719F15} = {969A21D1-B6DE-40B6-A2AA-64C427BC2BD0}
		{9222D47E-579F-4131-987A-5E708196ADFD} = {969A21D1-B6DE-40B6-A2AA-64C427BC2BD0}
		{2640D025-8570-4277-A941-907F884B3F14} = {659C7A9A-FE81-4FD5-B669-694B78719F15}
		{1BE801F6-DDB5-4A5D-B038-824BDDE4BB5C} = {969A21D1-B6DE-40B6-A2AA-64C427BC2BD0}
		{CED8940F-30B7-499F-B6BA-87A358F3037A} = {9222D47E-579F-4131-987A-5E708196ADFD}
		{6371320E-9931-478D-B0CD-C290F3670477} = {9222D47E-579F-4131-987A-5E708196ADFD}
		{285EC14A-ECDC-4AA7-A599-820188AD2193} = {969A21D1-B6DE-40B6-A2AA-64C427BC2BD0}
		{7993B016-E286-4A1E-A6C6-4B1EBE6FE433} = {8B785901-E262-4F16-8498-D366DDB3F0D4}
		{A2DB15D9-1226-419C-B483-B33DF8AD0497} = {9222D47E-579F-4131-987A-5E708196ADFD}
	EndGlobalSection
	GlobalSection(ExtensibilityGlobals) = postSolution
		SolutionGuid = {B7E45BFF-3BEB-4B8F-8D1A-4C8194399F1D}
	EndGlobalSection
EndGlobal
